// !$*UTF8*$!
{
	archiveVersion = 1;
	classes = {
	};
	objectVersion = 50;
	objects = {

/* Begin PBXBuildFile section */
		8B1026B622F9A5EC00598E05 /* msegments.c in Sources */ = {isa = PBXBuildFile; fileRef = 8B1026B522F9A5EC00598E05 /* msegments.c */; };
		8B64742122F31EA000233C9A /* main.m in Sources */ = {isa = PBXBuildFile; fileRef = 8B64742022F31EA000233C9A /* main.m */; };
		8B64742322F3BFC400233C9A /* DyldImageHeader.m in Sources */ = {isa = PBXBuildFile; fileRef = 8B64742222F3BFC400233C9A /* DyldImageHeader.m */; };
		8B64743122F3E94700233C9A /* mheader.c in Sources */ = {isa = PBXBuildFile; fileRef = 8B64743022F3E94700233C9A /* mheader.c */; };
/* End PBXBuildFile section */

/* Begin PBXFileReference section */
		8B1026B422F9A5EC00598E05 /* msegments.h */ = {isa = PBXFileReference; lastKnownFileType = sourcecode.c.h; path = msegments.h; sourceTree = "<group>"; };
		8B1026B522F9A5EC00598E05 /* msegments.c */ = {isa = PBXFileReference; lastKnownFileType = sourcecode.c.c; path = msegments.c; sourceTree = "<group>"; };
		8B1026DA22FA827300598E05 /* a.out */ = {isa = PBXFileReference; lastKnownFileType = "compiled.mach-o.executable"; path = a.out; sourceTree = "<group>"; };
		8B64741622F31E8000233C9A /* Math-OTest */ = {isa = PBXFileReference; explicitFileType = "compiled.mach-o.executable"; includeInIndex = 0; path = "Math-OTest"; sourceTree = BUILT_PRODUCTS_DIR; };
		8B64742022F31EA000233C9A /* main.m */ = {isa = PBXFileReference; fileEncoding = 4; lastKnownFileType = sourcecode.c.objc; path = main.m; sourceTree = "<group>"; };
		8B64742222F3BFC400233C9A /* DyldImageHeader.m */ = {isa = PBXFileReference; lastKnownFileType = sourcecode.c.objc; path = DyldImageHeader.m; sourceTree = "<group>"; };
		8B64742D22F3C87F00233C9A /* main.o */ = {isa = PBXFileReference; lastKnownFileType = "compiled.mach-o.objfile"; path = main.o; sourceTree = "<group>"; };
		8B64742F22F3E94700233C9A /* mheader.h */ = {isa = PBXFileReference; lastKnownFileType = sourcecode.c.h; path = mheader.h; sourceTree = "<group>"; };
		8B64743022F3E94700233C9A /* mheader.c */ = {isa = PBXFileReference; lastKnownFileType = sourcecode.c.c; path = mheader.c; sourceTree = "<group>"; };
/* End PBXFileReference section */

/* Begin PBXFrameworksBuildPhase section */
		8B64741322F31E8000233C9A /* Frameworks */ = {
			isa = PBXFrameworksBuildPhase;
			buildActionMask = 2147483647;
			files = (
			);
			runOnlyForDeploymentPostprocessing = 0;
		};
/* End PBXFrameworksBuildPhase section */

/* Begin PBXGroup section */
		8B64740D22F31E8000233C9A = {
			isa = PBXGroup;
			children = (
				8B64741822F31E8000233C9A /* Math-OTest */,
				8B64741722F31E8000233C9A /* Products */,
			);
			sourceTree = "<group>";
		};
		8B64741722F31E8000233C9A /* Products */ = {
			isa = PBXGroup;
			children = (
				8B64741622F31E8000233C9A /* Math-OTest */,
			);
			name = Products;
			sourceTree = "<group>";
		};
		8B64741822F31E8000233C9A /* Math-OTest */ = {
			isa = PBXGroup;
			children = (
				8B64742D22F3C87F00233C9A /* main.o */,
				8B1026DA22FA827300598E05 /* a.out */,
				8B64742022F31EA000233C9A /* main.m */,
				8B64742F22F3E94700233C9A /* mheader.h */,
				8B64743022F3E94700233C9A /* mheader.c */,
				8B1026B422F9A5EC00598E05 /* msegments.h */,
				8B1026B522F9A5EC00598E05 /* msegments.c */,
				8B64742222F3BFC400233C9A /* DyldImageHeader.m */,
			);
			path = "Math-OTest";
			sourceTree = "<group>";
		};
/* End PBXGroup section */

/* Begin PBXNativeTarget section */
		8B64741522F31E8000233C9A /* Math-OTest */ = {
			isa = PBXNativeTarget;
			buildConfigurationList = 8B64741D22F31E8000233C9A /* Build configuration list for PBXNativeTarget "Math-OTest" */;
			buildPhases = (
				8B64741222F31E8000233C9A /* Sources */,
				8B64741322F31E8000233C9A /* Frameworks */,
				8B64742822F3C4EC00233C9A /* ShellScript */,
			);
			buildRules = (
			);
			dependencies = (
			);
			name = "Math-OTest";
			productName = "Math-OTest";
			productReference = 8B64741622F31E8000233C9A /* Math-OTest */;
			productType = "com.apple.product-type.tool";
		};
/* End PBXNativeTarget section */

/* Begin PBXProject section */
		8B64740E22F31E8000233C9A /* Project object */ = {
			isa = PBXProject;
			attributes = {
				LastUpgradeCheck = 1010;
				ORGANIZATIONNAME = Atomic;
				TargetAttributes = {
					8B64741522F31E8000233C9A = {
						CreatedOnToolsVersion = 10.1;
					};
				};
			};
			buildConfigurationList = 8B64741122F31E8000233C9A /* Build configuration list for PBXProject "Math-OTest" */;
			compatibilityVersion = "Xcode 9.3";
			developmentRegion = en;
			hasScannedForEncodings = 0;
			knownRegions = (
				en,
			);
			mainGroup = 8B64740D22F31E8000233C9A;
			productRefGroup = 8B64741722F31E8000233C9A /* Products */;
			projectDirPath = "";
			projectRoot = "";
			targets = (
				8B64741522F31E8000233C9A /* Math-OTest */,
			);
		};
/* End PBXProject section */

/* Begin PBXShellScriptBuildPhase section */
		8B64742822F3C4EC00233C9A /* ShellScript */ = {
			isa = PBXShellScriptBuildPhase;
			buildActionMask = 2147483647;
			files = (
			);
			inputFileListPaths = (
			);
			inputPaths = (
			);
			outputFileListPaths = (
			);
			outputPaths = (
			);
			runOnlyForDeploymentPostprocessing = 0;
			shellPath = /bin/sh;
			shellScript = "# Type a script or drag a script file from your workspace to insert its path.\n\nscp \"$SRCROOT/Math-OTest/main.o\" \"$BUILT_PRODUCTS_DIR\"\nscp \"$SRCROOT/Math-OTest/a.out\" \"$BUILT_PRODUCTS_DIR\"\n\n";
		};
/* End PBXShellScriptBuildPhase section */

/* Begin PBXSourcesBuildPhase section */
		8B64741222F31E8000233C9A /* Sources */ = {
			isa = PBXSourcesBuildPhase;
			buildActionMask = 2147483647;
			files = (
				8B64742122F31EA000233C9A /* main.m in Sources */,
				8B64742322F3BFC400233C9A /* DyldImageHeader.m in Sources */,
				8B64743122F3E94700233C9A /* mheader.c in Sources */,
				8B1026B622F9A5EC00598E05 /* msegments.c in Sources */,
			);
			runOnlyForDeploymentPostprocessing = 0;
		};
/* End PBXSourcesBuildPhase section */

/* Begin XCBuildConfiguration section */
		8B64741B22F31E8000233C9A /* Debug */ = {
			isa = XCBuildConfiguration;
			buildSettings = {
				ALWAYS_SEARCH_USER_PATHS = NO;
				CLANG_ANALYZER_NONNULL = YES;
				CLANG_ANALYZER_NUMBER_OBJECT_CONVERSION = YES_AGGRESSIVE;
				CLANG_CXX_LANGUAGE_STANDARD = "gnu++14";
				CLANG_CXX_LIBRARY = "libc++";
				CLANG_ENABLE_MODULES = YES;
				CLANG_ENABLE_OBJC_ARC = YES;
				CLANG_ENABLE_OBJC_WEAK = YES;
				CLANG_WARN_BLOCK_CAPTURE_AUTORELEASING = YES;
				CLANG_WARN_BOOL_CONVERSION = YES;
				CLANG_WARN_COMMA = YES;
				CLANG_WARN_CONSTANT_CONVERSION = YES;
				CLANG_WARN_DEPRECATED_OBJC_IMPLEMENTATIONS = YES;
				CLANG_WARN_DIRECT_OBJC_ISA_USAGE = YES_ERROR;
				CLANG_WARN_DOCUMENTATION_COMMENTS = YES;
				CLANG_WARN_EMPTY_BODY = YES;
				CLANG_WARN_ENUM_CONVERSION = YES;
				CLANG_WARN_INFINITE_RECURSION = YES;
				CLANG_WARN_INT_CONVERSION = YES;
				CLANG_WARN_NON_LITERAL_NULL_CONVERSION = YES;
				CLANG_WARN_OBJC_IMPLICIT_RETAIN_SELF = YES;
				CLANG_WARN_OBJC_LITERAL_CONVERSION = YES;
				CLANG_WARN_OBJC_ROOT_CLASS = YES_ERROR;
				CLANG_WARN_RANGE_LOOP_ANALYSIS = YES;
				CLANG_WARN_STRICT_PROTOTYPES = YES;
				CLANG_WARN_SUSPICIOUS_MOVE = YES;
				CLANG_WARN_UNGUARDED_AVAILABILITY = YES_AGGRESSIVE;
				CLANG_WARN_UNREACHABLE_CODE = YES;
				CLANG_WARN__DUPLICATE_METHOD_MATCH = YES;
				CODE_SIGN_IDENTITY = "Mac Developer";
				COPY_PHASE_STRIP = NO;
				DEBUG_INFORMATION_FORMAT = dwarf;
				ENABLE_STRICT_OBJC_MSGSEND = YES;
				ENABLE_TESTABILITY = YES;
				GCC_C_LANGUAGE_STANDARD = gnu11;
				GCC_DYNAMIC_NO_PIC = NO;
				GCC_NO_COMMON_BLOCKS = YES;
				GCC_OPTIMIZATION_LEVEL = 0;
				GCC_PREPROCESSOR_DEFINITIONS = (
					"DEBUG=1",
					"$(inherited)",
				);
				GCC_WARN_64_TO_32_BIT_CONVERSION = YES;
				GCC_WARN_ABOUT_RETURN_TYPE = YES_ERROR;
				GCC_WARN_UNDECLARED_SELECTOR = YES;
				GCC_WARN_UNINITIALIZED_AUTOS = YES_AGGRESSIVE;
				GCC_WARN_UNUSED_FUNCTION = YES;
				GCC_WARN_UNUSED_VARIABLE = YES;
				MACOSX_DEPLOYMENT_TARGET = 10.14;
				MTL_ENABLE_DEBUG_INFO = INCLUDE_SOURCE;
				MTL_FAST_MATH = YES;
				ONLY_ACTIVE_ARCH = YES;
				SDKROOT = macosx;
			};
			name = Debug;
		};
		8B64741C22F31E8000233C9A /* Release */ = {
			isa = XCBuildConfiguration;
			buildSettings = {
				ALWAYS_SEARCH_USER_PATHS = NO;
				CLANG_ANALYZER_NONNULL = YES;
				CLANG_ANALYZER_NUMBER_OBJECT_CONVERSION = YES_AGGRESSIVE;
				CLANG_CXX_LANGUAGE_STANDARD = "gnu++14";
				CLANG_CXX_LIBRARY = "libc++";
				CLANG_ENABLE_MODULES = YES;
				CLANG_ENABLE_OBJC_ARC = YES;
				CLANG_ENABLE_OBJC_WEAK = YES;
				CLANG_WARN_BLOCK_CAPTURE_AUTORELEASING = YES;
				CLANG_WARN_BOOL_CONVERSION = YES;
				CLANG_WARN_COMMA = YES;
				CLANG_WARN_CONSTANT_CONVERSION = YES;
				CLANG_WARN_DEPRECATED_OBJC_IMPLEMENTATIONS = YES;
				CLANG_WARN_DIRECT_OBJC_ISA_USAGE = YES_ERROR;
				CLANG_WARN_DOCUMENTATION_COMMENTS = YES;
				CLANG_WARN_EMPTY_BODY = YES;
				CLANG_WARN_ENUM_CONVERSION = YES;
				CLANG_WARN_INFINITE_RECURSION = YES;
				CLANG_WARN_INT_CONVERSION = YES;
				CLANG_WARN_NON_LITERAL_NULL_CONVERSION = YES;
				CLANG_WARN_OBJC_IMPLICIT_RETAIN_SELF = YES;
				CLANG_WARN_OBJC_LITERAL_CONVERSION = YES;
				CLANG_WARN_OBJC_ROOT_CLASS = YES_ERROR;
				CLANG_WARN_RANGE_LOOP_ANALYSIS = YES;
				CLANG_WARN_STRICT_PROTOTYPES = YES;
				CLANG_WARN_SUSPICIOUS_MOVE = YES;
				CLANG_WARN_UNGUARDED_AVAILABILITY = YES_AGGRESSIVE;
				CLANG_WARN_UNREACHABLE_CODE = YES;
				CLANG_WARN__DUPLICATE_METHOD_MATCH = YES;
				CODE_SIGN_IDENTITY = "Mac Developer";
				COPY_PHASE_STRIP = NO;
				DEBUG_INFORMATION_FORMAT = "dwarf-with-dsym";
				ENABLE_NS_ASSERTIONS = NO;
				ENABLE_STRICT_OBJC_MSGSEND = YES;
				GCC_C_LANGUAGE_STANDARD = gnu11;
				GCC_NO_COMMON_BLOCKS = YES;
				GCC_WARN_64_TO_32_BIT_CONVERSION = YES;
				GCC_WARN_ABOUT_RETURN_TYPE = YES_ERROR;
				GCC_WARN_UNDECLARED_SELECTOR = YES;
				GCC_WARN_UNINITIALIZED_AUTOS = YES_AGGRESSIVE;
				GCC_WARN_UNUSED_FUNCTION = YES;
				GCC_WARN_UNUSED_VARIABLE = YES;
				MACOSX_DEPLOYMENT_TARGET = 10.14;
				MTL_ENABLE_DEBUG_INFO = NO;
				MTL_FAST_MATH = YES;
				SDKROOT = macosx;
			};
			name = Release;
		};
		8B64741E22F31E8000233C9A /* Debug */ = {
			isa = XCBuildConfiguration;
			buildSettings = {
				CODE_SIGN_STYLE = Automatic;
				DEVELOPMENT_TEAM = 3TL5SYTRHQ;
				PRODUCT_NAME = "$(TARGET_NAME)";
			};
			name = Debug;
		};
		8B64741F22F31E8000233C9A /* Release */ = {
			isa = XCBuildConfiguration;
			buildSettings = {
				CODE_SIGN_STYLE = Automatic;
				DEVELOPMENT_TEAM = 3TL5SYTRHQ;
				PRODUCT_NAME = "$(TARGET_NAME)";
			};
			name = Release;
		};
/* End XCBuildConfiguration section */

/* Begin XCConfigurationList section */
		8B64741122F31E8000233C9A /* Build configuration list for PBXProject "Math-OTest" */ = {
			isa = XCConfigurationList;
			buildConfigurations = (
				8B64741B22F31E8000233C9A /* Debug */,
				8B64741C22F31E8000233C9A /* Release */,
			);
			defaultConfigurationIsVisible = 0;
			defaultConfigurationName = Release;
		};
		8B64741D22F31E8000233C9A /* Build configuration list for PBXNativeTarget "Math-OTest" */ = {
			isa = XCConfigurationList;
			buildConfigurations = (
				8B64741E22F31E8000233C9A /* Debug */,
				8B64741F22F31E8000233C9A /* Release */,
			);
			defaultConfigurationIsVisible = 0;
			defaultConfigurationName = Release;
		};
/* End XCConfigurationList section */
	};
	rootObject = 8B64740E22F31E8000233C9A /* Project object */;
}
